{
  "name": "even-g2",
  "lockfileVersion": 3,
  "requires": true,
  "packages": {
    "": {
      "dependencies": {
        "@evenrealities/evenhub-simulator": "^0.5.3"
      }
    },
    "node_modules/@evenrealities/evenhub-simulator": {
      "version": "0.5.3",
      "resolved": "https://registry.npmjs.org/@evenrealities/evenhub-simulator/-/evenhub-simulator-0.5.3.tgz",
      "integrity": "sha512-pPG0IZQPtRrVWp7n6lcohmaOT0gtqFXMOgTmX/R5c5lPipdp0K0L2G7EIg0MBhN9Hdnht43iiwvmVRDnasCMZA==",
      "license": "MIT",
      "bin": {
        "evenhub-simulator": "bin/index.js"
      },
      "optionalDependencies": {
        "@evenrealities/sim-darwin-arm64": "0.5.3",
        "@evenrealities/sim-darwin-x64": "0.5.3",
        "@evenrealities/sim-linux-x64": "0.5.3",
        "@evenrealities/sim-win32-x64": "0.5.3"
      }
    },
    "node_modules/@evenrealities/sim-darwin-arm64": {
      "version": "0.5.3",
      "resolved": "https://registry.npmjs.org/@evenrealities/sim-darwin-arm64/-/sim-darwin-arm64-0.5.3.tgz",
      "integrity": "sha512-EWVO9yltZ9V20YTDeKh43Ts4BiAD5ubC0QVyaAcJ/KkrJg/rMhQYF0AdKmSVoegFlvMh0o076LTnBta2ORzXOg==",
      "cpu": [
        "arm64"
      ],
      "license": "MIT",
      "optional": true,
      "os": [
        "darwin"
      ],
      "bin": {
        "evenhub-simulator": "bin/evenhub-simulator"
      }
    },
    "node_modules/@evenrealities/sim-darwin-x64": {
      "version": "0.5.3",
      "resolved": "https://registry.npmjs.org/@evenrealities/sim-darwin-x64/-/sim-darwin-x64-0.5.3.tgz",
      "integrity": "sha512-zc/yBkpguIeZ/m0iJjWvEFldsYlrWEtiwUa1RAHC03Q8nsnPaEnSmPTqZx8rNEPCYGItY2KRFkuj6pKoZLs1Fw==",
      "cpu": [
        "x64"
      ],
      "license": "MIT",
      "optional": true,
      "os": [
        "darwin"
      ],
      "bin": {
        "evenhub-simulator": "bin/evenhub-simulator"
      }
    },
    "node_modules/@evenrealities/sim-linux-x64": {
      "version": "0.5.3",
      "resolved": "https://registry.npmjs.org/@evenrealities/sim-linux-x64/-/sim-linux-x64-0.5.3.tgz",
      "integrity": "sha512-OsUtDvNdcp35V1h2UVPvaNVcCBUbjqUb0/Cgt7VfFGv/M4cLH0OvCMIt+Ish6rd55g/+XkL+r0IbDwDgOhGFqA==",
      "cpu": [
        "x64"
      ],
      "license": "MIT",
      "optional": true,
      "os": [
        "linux"
      ],
      "bin": {
        "evenhub-simulator": "bin/evenhub-simulator"
      }
    },
    "node_modules/@evenrealities/sim-win32-x64": {
      "version": "0.5.3",
      "resolved": "https://registry.npmjs.org/@evenrealities/sim-win32-x64/-/sim-win32-x64-0.5.3.tgz",
      "integrity": "sha512-i6Yd5PrFET8uBqXOL+RErvKfuzUOsuvjBmkWTcsZnO+ZjkZnEbOhHYHBDG7XhmO2xVHoN9Of6YF+Fu3XBBsqRA==",
      "cpu": [
        "x64"
      ],
      "license": "MIT",
      "optional": true,
      "os": [
        "win32"
      ],
      "bin": {
        "evenhub-simulator": "bin/evenhub-simulator.exe"
      }
    }
  }
}
